
Microsoft Visual Studio Solution File, Format Version 12.00
# Visual Studio Version 17
VisualStudioVersion = 17.5.33414.496
MinimumVisualStudioVersion = 10.0.40219.1
Project("{FAE04EC0-301F-11D3-BF4B-00C04F79EFBC}") = "testdb2", "testdb2\testdb2.csproj", "{64B71D4A-7664-4EA7-8159-6EDBAC8288FC}"
EndProject
Global
	GlobalSection(SolutionConfigurationPlatforms) = preSolution
		Debug|Any CPU = Debug|Any CPU
		Release|Any CPU = Release|Any CPU
	EndGlobalSection
	GlobalSection(ProjectConfigurationPlatforms) = postSolution
		{64B71D4A-7664-4EA7-8159-6EDBAC8288FC}.Debug|Any CPU.ActiveCfg = Debug|Any CPU
		{64B71D4A-7664-4EA7-8159-6EDBAC8288FC}.Debug|Any CPU.Build.0 = Debug|Any CPU
		{64B71D4A-7664-4EA7-8159-6EDBAC8288FC}.Release|Any CPU.ActiveCfg = Release|Any CPU
		{64B71D4A-7664-4EA7-8159-6EDBAC8288FC}.Release|Any CPU.Build.0 = Release|Any CPU
	EndGlobalSection
	GlobalSection(SolutionProperties) = preSolution
		HideSolutionNode = FALSE
	EndGlobalSection
	GlobalSection(ExtensibilityGlobals) = postSolution
		SolutionGuid = {F2345345-A670-4026-97C8-53882D9C727F}
	EndGlobalSection
EndGlobal
